{
    "_readme": [
        "This file locks the dependencies of your project to a known state",
        "Read more about it at http://getcomposer.org/doc/01-basic-usage.md#composer-lock-the-lock-file",
        "This file is @generated automatically"
    ],
    "hash": "ad26f7a5a9093b0c846841cf494ee3a7",
    "packages": [
        {
            "name": "composer/installers",
            "version": "v1.0.18",
            "source": {
                "type": "git",
                "url": "https://github.com/composer/installers.git",
                "reference": "74fb0a7a1a23696d9c8cc2fba5903f6711cdd067"
            },
            "dist": {
                "type": "zip",
                "url": "https://api.github.com/repos/composer/installers/zipball/74fb0a7a1a23696d9c8cc2fba5903f6711cdd067",
                "reference": "74fb0a7a1a23696d9c8cc2fba5903f6711cdd067",
                "shasum": ""
            },
            "replace": {
                "roundcube/plugin-installer": "*",
                "shama/baton": "*"
            },
            "require-dev": {
                "composer/composer": "1.0.*@dev",
                "phpunit/phpunit": "4.1.*"
            },
            "type": "composer-installer",
            "extra": {
                "class": "Composer\\Installers\\Installer",
                "branch-alias": {
                    "dev-master": "1.0-dev"
                }
            },
            "autoload": {
                "psr-0": {
                    "Composer\\Installers\\": "src/"
                }
            },
            "notification-url": "https://packagist.org/downloads/",
            "license": [
                "MIT"
            ],
            "authors": [
                {
                    "name": "Kyle Robinson Young",
                    "email": "kyle@dontkry.com",
                    "homepage": "https://github.com/shama"
                }
            ],
            "description": "A multi-framework Composer library installer",
            "homepage": "http://composer.github.com/installers/",
            "keywords": [
                "Craft",
                "Dolibarr",
                "Hurad",
                "MODX Evo",
                "OXID",
                "WolfCMS",
                "agl",
                "annotatecms",
                "bitrix",
                "cakephp",
                "chef",
                "codeigniter",
                "concrete5",
                "croogo",
                "drupal",
                "elgg",
                "fuelphp",
                "installer",
                "joomla",
                "kohana",
                "laravel",
                "lithium",
                "magento",
                "mako",
                "mediawiki",
                "modulework",
                "moodle",
                "phpbb",
                "piwik",
                "ppi",
                "puppet",
                "roundcube",
                "shopware",
                "silverstripe",
                "symfony",
                "typo3",
                "wordpress",
                "zend",
                "zikula"
            ],
            "time": "2014-08-18 20:00:12"
        },
        {
            "name": "fancyguy/webroot-installer",
            "version": "1.0.0",
            "source": {
                "type": "git",
                "url": "https://github.com/fancyguy/webroot-installer.git",
                "reference": "4888a3dad9ab3b3da505a149230be0ec2ab837f4"
            },
            "dist": {
                "type": "zip",
                "url": "https://api.github.com/repos/fancyguy/webroot-installer/zipball/4888a3dad9ab3b3da505a149230be0ec2ab837f4",
                "reference": "4888a3dad9ab3b3da505a149230be0ec2ab837f4",
                "shasum": ""
            },
            "require-dev": {
                "composer/composer": "1.0.*@dev",
                "phpunit/phpunit": "3.7.*"
            },
            "type": "composer-installer",
            "extra": {
                "class": "FancyGuy\\Composer\\WebrootInstaller"
            },
            "autoload": {
                "psr-0": {
                    "FancyGuy\\Composer\\": "src/"
                }
            },
            "notification-url": "https://packagist.org/downloads/",
            "license": [
                "BSD-3-Clause"
            ],
            "authors": [
                {
                    "name": "Steve Buzonas",
                    "email": "steve@fancyguy.com",
                    "homepage": "http://www.stevebuzonas.com"
                }
            ],
            "description": "A composer installer for libraries that live in an application webroot.",
            "homepage": "http://fancyguy.github.com/webroot-installer/",
            "time": "2013-01-29 22:51:45"
        },
        {
            "name": "interconnectit/search-replace-db",
            "version": "3.0.0",
            "source": {
                "type": "git",
                "url": "https://github.com/interconnectit/Search-Replace-DB.git",
                "reference": "12c6732502958a0c57125f6b30741e6e0f05655c"
            },
            "dist": {
                "type": "zip",
                "url": "https://api.github.com/repos/interconnectit/Search-Replace-DB/zipball/12c6732502958a0c57125f6b30741e6e0f05655c",
                "reference": "12c6732502958a0c57125f6b30741e6e0f05655c",
                "shasum": ""
            },
            "require": {
                "php": ">=5.3.0"
            },
            "type": "library",
            "notification-url": "https://packagist.org/downloads/",
            "license": [
                "GPL-3.0"
            ],
            "description": "A PHP search replace tool for quickly modifying a string throughout a database. Useful for changing the base URL when migrating a WordPress site from development to production.",
            "homepage": "https://github.com/interconnectit/Search-Replace-DB",
            "time": "2014-03-24 12:05:31"
        },
        {
            "name": "jaz303/phake",
            "version": "v0.6.0",
            "source": {
                "type": "git",
                "url": "https://github.com/jaz303/phake.git",
                "reference": "ddfc0e71e7d65a9bfb852a8b3e1b9aad7b6b825e"
            },
            "dist": {
                "type": "zip",
                "url": "https://api.github.com/repos/jaz303/phake/zipball/ddfc0e71e7d65a9bfb852a8b3e1b9aad7b6b825e",
                "reference": "ddfc0e71e7d65a9bfb852a8b3e1b9aad7b6b825e",
                "shasum": ""
            },
            "require": {
                "php": ">=5.3.0"
            },
            "bin": [
                "bin/phake"
            ],
            "type": "library",
            "autoload": {
                "psr-0": {
                    "phake": "lib/"
                }
            },
            "notification-url": "https://packagist.org/downloads/",
            "license": [
                "MIT"
            ],
            "authors": [
                {
                    "name": "Jason Frame",
                    "email": "jason@onehackoranother.com"
                }
            ],
            "description": "A wee clone of Ruby's rake for PHP 5.3. Uses closures for ultimate coolness.",
            "homepage": "http://github.com/jaz303/phake",
            "keywords": [
                "Tasks",
                "automation",
                "cli"
            ],
            "time": "2014-01-04 20:27:15"
        },
        {
            "name": "kmelia/monolog-stdout-handler",
            "version": "1.2.0",
            "source": {
                "type": "git",
                "url": "https://bitbucket.org/kmelia/monolog-stdout-handler.git",
                "reference": "a2c3ab27b02a4a4d8f2d3266aa331ebf63a92cb3"
            },
            "dist": {
                "type": "zip",
                "url": "https://bitbucket.org/kmelia/monolog-stdout-handler/get/a2c3ab27b02a4a4d8f2d3266aa331ebf63a92cb3.zip",
                "reference": "a2c3ab27b02a4a4d8f2d3266aa331ebf63a92cb3",
                "shasum": ""
            },
            "require": {
                "monolog/monolog": "~1.6",
                "php": ">=5.3.0"
            },
            "require-dev": {
                "phpunit/phpunit": "4.*"
            },
            "type": "library",
            "autoload": {
                "psr-0": {
                    "Monolog": "src/"
                }
            },
            "notification-url": "https://packagist.org/downloads/",
            "license": [
                "GPL-3.0+"
            ],
            "authors": [
                {
                    "name": "Maxime Pasquier",
                    "homepage": "https://bitbucket.org/kmelia",
                    "role": "Developer"
                }
            ],
            "description": "A handler for Monolog that sends messages to stdout (with color).",
            "homepage": "https://bitbucket.org/kmelia/monolog-stdout-handler",
            "keywords": [
                "color",
                "log",
                "monolog",
                "stdout"
            ],
            "time": "2014-08-08 15:20:21"
        },
        {
            "name": "monolog/monolog",
            "version": "1.11.0",
            "source": {
                "type": "git",
                "url": "https://github.com/Seldaek/monolog.git",
                "reference": "ec3961874c43840e96da3a8a1ed20d8c73d7e5aa"
            },
            "dist": {
                "type": "zip",
                "url": "https://api.github.com/repos/Seldaek/monolog/zipball/ec3961874c43840e96da3a8a1ed20d8c73d7e5aa",
                "reference": "ec3961874c43840e96da3a8a1ed20d8c73d7e5aa",
                "shasum": ""
            },
            "require": {
                "php": ">=5.3.0",
                "psr/log": "~1.0"
            },
            "provide": {
                "psr/log-implementation": "1.0.0"
            },
            "require-dev": {
                "aws/aws-sdk-php": "~2.4, >2.4.8",
                "doctrine/couchdb": "~1.0@dev",
                "graylog2/gelf-php": "~1.0",
                "phpunit/phpunit": "~3.7.0",
                "raven/raven": "~0.5",
                "ruflin/elastica": "0.90.*",
                "videlalvaro/php-amqplib": "~2.4"
            },
            "suggest": {
                "aws/aws-sdk-php": "Allow sending log messages to AWS services like DynamoDB",
                "doctrine/couchdb": "Allow sending log messages to a CouchDB server",
                "ext-amqp": "Allow sending log messages to an AMQP server (1.0+ required)",
                "ext-mongo": "Allow sending log messages to a MongoDB server",
                "graylog2/gelf-php": "Allow sending log messages to a GrayLog2 server",
                "raven/raven": "Allow sending log messages to a Sentry server",
                "rollbar/rollbar": "Allow sending log messages to Rollbar",
                "ruflin/elastica": "Allow sending log messages to an Elastic Search server",
                "videlalvaro/php-amqplib": "Allow sending log messages to an AMQP server using php-amqplib"
            },
            "type": "library",
            "extra": {
                "branch-alias": {
                    "dev-master": "1.11.x-dev"
                }
            },
            "autoload": {
                "psr-4": {
                    "Monolog\\": "src/Monolog"
                }
            },
            "notification-url": "https://packagist.org/downloads/",
            "license": [
                "MIT"
            ],
            "authors": [
                {
                    "name": "Jordi Boggiano",
                    "email": "j.boggiano@seld.be",
                    "homepage": "http://seld.be"
                }
            ],
            "description": "Sends your logs to files, sockets, inboxes, databases and various web services",
            "homepage": "http://github.com/Seldaek/monolog",
            "keywords": [
                "log",
                "logging",
                "psr-3"
            ],
            "time": "2014-09-30 13:30:58"
        },
        {
            "name": "psr/log",
            "version": "1.0.0",
            "source": {
                "type": "git",
                "url": "https://github.com/php-fig/log.git",
                "reference": "fe0936ee26643249e916849d48e3a51d5f5e278b"
            },
            "dist": {
                "type": "zip",
                "url": "https://api.github.com/repos/php-fig/log/zipball/fe0936ee26643249e916849d48e3a51d5f5e278b",
                "reference": "fe0936ee26643249e916849d48e3a51d5f5e278b",
                "shasum": ""
            },
            "type": "library",
            "autoload": {
                "psr-0": {
                    "Psr\\Log\\": ""
                }
            },
            "notification-url": "https://packagist.org/downloads/",
            "license": [
                "MIT"
            ],
            "authors": [
                {
                    "name": "PHP-FIG",
                    "homepage": "http://www.php-fig.org/"
                }
            ],
            "description": "Common interface for logging libraries",
            "keywords": [
                "log",
                "psr",
                "psr-3"
            ],
            "time": "2012-12-21 11:40:51"
        },
        {
            "name": "qobo/pattern",
            "version": "v1.0.4",
            "source": {
                "type": "git",
                "url": "https://github.com/QoboLtd/PHP-Pattern.git",
                "reference": "57668c86f0caf3e66447f7341c5ee060181aa5b3"
            },
            "dist": {
                "type": "zip",
                "url": "https://api.github.com/repos/QoboLtd/PHP-Pattern/zipball/57668c86f0caf3e66447f7341c5ee060181aa5b3",
                "reference": "57668c86f0caf3e66447f7341c5ee060181aa5b3",
                "shasum": ""
            },
            "require": {
                "php": ">=5.3.0"
            },
            "require-dev": {
                "phpunit/phpunit": "4.3.*"
            },
            "type": "library",
            "autoload": {
                "psr-0": {
                    "Qobo\\Pattern\\": "src/"
                }
            },
            "notification-url": "https://packagist.org/downloads/",
            "license": [
                "GPL-2.0"
            ],
            "authors": [
                {
                    "name": "Leonid Mamchenkov",
                    "email": "leonid@mamchenkov.net",
                    "homepage": "http://mamchenkov.net",
                    "role": "Developer"
                }
            ],
            "description": "PHP library to manipulate text patterns with placeholders",
            "homepage": "https://github.com/QoboLtd/PHP-Pattern",
            "keywords": [
                "strings",
                "templating"
            ],
            "time": "2014-10-12 11:38:58"
        },
        {
            "name": "qobo/phake-builder",
            "version": "v1.0.8",
            "source": {
                "type": "git",
                "url": "https://github.com/QoboLtd/phake-builder.git",
                "reference": "1789f7cb4856c085f56d5802341c7da7a68a6e4f"
            },
            "dist": {
                "type": "zip",
                "url": "https://api.github.com/repos/QoboLtd/phake-builder/zipball/1789f7cb4856c085f56d5802341c7da7a68a6e4f",
                "reference": "1789f7cb4856c085f56d5802341c7da7a68a6e4f",
                "shasum": ""
            },
            "require": {
                "interconnectit/search-replace-db": "~3.0",
                "jaz303/phake": "*",
                "kmelia/monolog-stdout-handler": "~1.2",
                "monolog/monolog": "~1.11",
                "qobo/pattern": "~1.0",
                "vlucas/phpdotenv": "*"
            },
            "type": "library",
            "notification-url": "https://packagist.org/downloads/",
            "license": [
                "GPL-2.0"
            ],
            "authors": [
                {
                    "name": "Leonid Mamchenkov",
                    "email": "leonid@mamchenkov.net",
                    "homepage": "http://mamchenkov.net",
                    "role": "Developer"
                }
            ],
            "description": "A set of build and deploy files, based on jaz303/phake",
            "time": "2014-10-30 12:54:53"
        },
        {
            "name": "vlucas/phpdotenv",
            "version": "v1.0.9",
            "source": {
                "type": "git",
                "url": "https://github.com/vlucas/phpdotenv.git",
                "reference": "56c252d48dce336da97926591aed71805203815b"
            },
            "dist": {
                "type": "zip",
                "url": "https://api.github.com/repos/vlucas/phpdotenv/zipball/56c252d48dce336da97926591aed71805203815b",
                "reference": "56c252d48dce336da97926591aed71805203815b",
                "shasum": ""
            },
            "require": {
                "php": ">=5.3.2"
            },
            "require-dev": {
                "phpunit/phpunit": "~4.0"
            },
            "type": "library",
            "extra": {
                "branch-alias": {
                    "dev-master": "1.0-dev"
                }
            },
            "autoload": {
                "psr-0": {
                    "Dotenv": "src/"
                }
            },
            "notification-url": "https://packagist.org/downloads/",
            "license": [
                "BSD"
            ],
            "authors": [
                {
                    "name": "Vance Lucas",
                    "email": "vance@vancelucas.com",
                    "homepage": "http://www.vancelucas.com"
                }
            ],
            "description": "Loads environment variables from `.env` to `getenv()`, `$_ENV` and `$_SERVER` automagically.",
            "homepage": "http://github.com/vlucas/phpdotenv",
            "keywords": [
                "dotenv",
                "env",
                "environment"
            ],
            "time": "2014-10-16 14:50:21"
        },
        {
            "name": "wordpress",
            "version": "4.0",
            "dist": {
                "type": "zip",
                "url": "https://github.com/WordPress/WordPress/archive/4.0.zip",
                "reference": null,
                "shasum": null
            },
            "require": {
                "fancyguy/webroot-installer": "1.0.0"
            },
            "type": "webroot"
        },
        {
            "name": "wpackagist-plugin/jetpack",
            "version": "3.2",
            "source": {
                "type": "svn",
                "url": "http://plugins.svn.wordpress.org/jetpack/",
                "reference": "tags/3.2-beta1"
            },
            "dist": {
                "type": "zip",
                "url": "http://downloads.wordpress.org/plugin/jetpack.3.2.zip",
                "reference": null,
                "shasum": null
            },
            "require": {
                "composer/installers": "~1.0"
            },
            "replace": {
                "wpackagist/jetpack": "self.version"
            },
            "type": "wordpress-plugin",
            "homepage": "http://wordpress.org/plugins/jetpack/"
        },
        {
            "name": "wpackagist-theme/twentyfourteen",
            "version": "1.2",
            "source": {
                "type": "svn",
                "url": "http://themes.svn.wordpress.org/twentyfourteen/",
                "reference": "1.2"
            },
            "dist": {
                "type": "zip",
                "url": "http://wordpress.org/themes/download/twentyfourteen.1.2.zip",
                "reference": null,
                "shasum": null
            },
            "require": {
                "composer/installers": "~1.0"
            },
            "type": "wordpress-theme",
            "homepage": "http://wordpress.org/themes/twentyfourteen/"
        },
        {
            "name": "wpackagist/disable-wordpress-updates",
            "version": "1.4.2",
            "source": {
                "type": "svn",
                "url": "http://plugins.svn.wordpress.org/disable-wordpress-updates/",
                "reference": "tags/1.4.2"
            },
            "dist": {
                "type": "zip",
                "url": "http://downloads.wordpress.org/plugin/disable-wordpress-updates.1.4.2.zip",
                "reference": null,
                "shasum": null
            },
            "require": {
                "composer/installers": "~1.0"
            },
            "type": "wordpress-plugin",
            "homepage": "http://wordpress.org/plugins/disable-wordpress-updates/"
        }
    ],
    "packages-dev": null,
    "aliases": [],
    "minimum-stability": "stable",
    "stability-flags": [],
    "prefer-stable": false,
    "platform": {
        "php": ">=5.3.0"
    },
    "platform-dev": []
}
